
Microsoft Visual Studio Solution File, Format Version 12.00
# Visual Studio Version 17
VisualStudioVersion = 17.3.32922.545
MinimumVisualStudioVersion = 10.0.40219.1
Project("{8BC9CEB8-8B4A-11D0-8D11-00A0C91BC942}") = "ITMO.Studing.CPP.Lab1", "ITMO.Studing.CPP.Lab1\ITMO.Studing.CPP.Lab1.vcxproj", "{F38E625F-1AF1-4C1D-BF4A-8D0E1EB2EB51}"
EndProject
Project("{8BC9CEB8-8B4A-11D0-8D11-00A0C91BC942}") = "ITMO.Studing.CPP.Lab2", "ITMO.Studing.CPP.Lab2\ITMO.Studing.CPP.Lab2.vcxproj", "{B45F961C-754C-44E4-9B71-8DF0CD5E5F37}"
EndProject
Project("{8BC9CEB8-8B4A-11D0-8D11-00A0C91BC942}") = "ITMO.Studing.CPP.Lab3", "ITMO.Studing.CPP.Lab3\ITMO.Studing.CPP.Lab3.vcxproj", "{AB171591-D5E6-4373-BE2B-266D277129AB}"
EndProject
Project("{8BC9CEB8-8B4A-11D0-8D11-00A0C91BC942}") = "ITMO.Studing.CPP.Lab4", "ITMO.Studing.CPP.Lab4\ITMO.Studing.CPP.Lab4.vcxproj", "{2B95FBDE-AEBB-4BEB-82CC-933B6CBC96A1}"
EndProject
Project("{8BC9CEB8-8B4A-11D0-8D11-00A0C91BC942}") = "ITMO.Studing.CPP.Lab5", "ITMO.Studing.CPP.Lab5\ITMO.Studing.CPP.Lab5.vcxproj", "{10BD3E77-1617-4F66-A6CD-8C55BB228474}"
EndProject
Project("{8BC9CEB8-8B4A-11D0-8D11-00A0C91BC942}") = "ITMO.Studing.CPP.Lab6", "ITMO.Studing.CPP.Lab6\ITMO.Studing.CPP.Lab6.vcxproj", "{1502396A-D68B-48C2-A9C1-77EE98E7514F}"
EndProject
Project("{8BC9CEB8-8B4A-11D0-8D11-00A0C91BC942}") = "ITMO.Studing.CPP.Lab7", "ITMO.Studing.CPP.Lab7\ITMO.Studing.CPP.Lab7.vcxproj", "{71EEACDB-AAAF-4CAC-9279-DCF07FD7D169}"
EndProject
Project("{8BC9CEB8-8B4A-11D0-8D11-00A0C91BC942}") = "ITMO.Studing.CPP.Lab8", "ITMO.Studing.CPP.Lab8\ITMO.Studing.CPP.Lab8.vcxproj", "{6B7C3777-5642-4078-8B1E-6CB831A29C03}"
EndProject
Project("{8BC9CEB8-8B4A-11D0-8D11-00A0C91BC942}") = "ITMO.Studing.CPP.Lab9", "ITMO.Studing.CPP.Lab9\ITMO.Studing.CPP.Lab9.vcxproj", "{6D613560-EB11-45C2-ACB7-435AF3AF52BF}"
EndProject
Project("{8BC9CEB8-8B4A-11D0-8D11-00A0C91BC942}") = "ITMO.Studing.CPP.Lab10", "ITMO.Studing.CPP.Lab10\ITMO.Studing.CPP.Lab10.vcxproj", "{A26A203D-5B0C-48C2-834D-0462A2C505E1}"
EndProject
Project("{8BC9CEB8-8B4A-11D0-8D11-00A0C91BC942}") = "ITMO.Studing.CPP.Lab11", "ITMO.Studing.CPP.Lab11\ITMO.Studing.CPP.Lab11.vcxproj", "{7B1671A4-E8D5-46A3-8417-3DFD4A7F82C0}"
EndProject
Project("{8BC9CEB8-8B4A-11D0-8D11-00A0C91BC942}") = "ITMO.Studing.CPP.Final_task", "ITMO.Studing.CPP.Final_task\ITMO.Studing.CPP.Final_task.vcxproj", "{9105FBE9-8CD0-4DF4-B595-569984F5D093}"
EndProject
Global
	GlobalSection(SolutionConfigurationPlatforms) = preSolution
		Debug|x64 = Debug|x64
		Debug|x86 = Debug|x86
		Release|x64 = Release|x64
		Release|x86 = Release|x86
	EndGlobalSection
	GlobalSection(ProjectConfigurationPlatforms) = postSolution
		{F38E625F-1AF1-4C1D-BF4A-8D0E1EB2EB51}.Debug|x64.ActiveCfg = Debug|x64
		{F38E625F-1AF1-4C1D-BF4A-8D0E1EB2EB51}.Debug|x64.Build.0 = Debug|x64
		{F38E625F-1AF1-4C1D-BF4A-8D0E1EB2EB51}.Debug|x86.ActiveCfg = Debug|Win32
		{F38E625F-1AF1-4C1D-BF4A-8D0E1EB2EB51}.Debug|x86.Build.0 = Debug|Win32
		{F38E625F-1AF1-4C1D-BF4A-8D0E1EB2EB51}.Release|x64.ActiveCfg = Release|x64
		{F38E625F-1AF1-4C1D-BF4A-8D0E1EB2EB51}.Release|x64.Build.0 = Release|x64
		{F38E625F-1AF1-4C1D-BF4A-8D0E1EB2EB51}.Release|x86.ActiveCfg = Release|Win32
		{F38E625F-1AF1-4C1D-BF4A-8D0E1EB2EB51}.Release|x86.Build.0 = Release|Win32
		{B45F961C-754C-44E4-9B71-8DF0CD5E5F37}.Debug|x64.ActiveCfg = Debug|x64
		{B45F961C-754C-44E4-9B71-8DF0CD5E5F37}.Debug|x64.Build.0 = Debug|x64
		{B45F961C-754C-44E4-9B71-8DF0CD5E5F37}.Debug|x86.ActiveCfg = Debug|Win32
		{B45F961C-754C-44E4-9B71-8DF0CD5E5F37}.Debug|x86.Build.0 = Debug|Win32
		{B45F961C-754C-44E4-9B71-8DF0CD5E5F37}.Release|x64.ActiveCfg = Release|x64
		{B45F961C-754C-44E4-9B71-8DF0CD5E5F37}.Release|x64.Build.0 = Release|x64
		{B45F961C-754C-44E4-9B71-8DF0CD5E5F37}.Release|x86.ActiveCfg = Release|Win32
		{B45F961C-754C-44E4-9B71-8DF0CD5E5F37}.Release|x86.Build.0 = Release|Win32
		{AB171591-D5E6-4373-BE2B-266D277129AB}.Debug|x64.ActiveCfg = Debug|x64
		{AB171591-D5E6-4373-BE2B-266D277129AB}.Debug|x64.Build.0 = Debug|x64
		{AB171591-D5E6-4373-BE2B-266D277129AB}.Debug|x86.ActiveCfg = Debug|Win32
		{AB171591-D5E6-4373-BE2B-266D277129AB}.Debug|x86.Build.0 = Debug|Win32
		{AB171591-D5E6-4373-BE2B-266D277129AB}.Release|x64.ActiveCfg = Release|x64
		{AB171591-D5E6-4373-BE2B-266D277129AB}.Release|x64.Build.0 = Release|x64
		{AB171591-D5E6-4373-BE2B-266D277129AB}.Release|x86.ActiveCfg = Release|Win32
		{AB171591-D5E6-4373-BE2B-266D277129AB}.Release|x86.Build.0 = Release|Win32
		{2B95FBDE-AEBB-4BEB-82CC-933B6CBC96A1}.Debug|x64.ActiveCfg = Debug|x64
		{2B95FBDE-AEBB-4BEB-82CC-933B6CBC96A1}.Debug|x64.Build.0 = Debug|x64
		{2B95FBDE-AEBB-4BEB-82CC-933B6CBC96A1}.Debug|x86.ActiveCfg = Debug|Win32
		{2B95FBDE-AEBB-4BEB-82CC-933B6CBC96A1}.Debug|x86.Build.0 = Debug|Win32
		{2B95FBDE-AEBB-4BEB-82CC-933B6CBC96A1}.Release|x64.ActiveCfg = Release|x64
		{2B95FBDE-AEBB-4BEB-82CC-933B6CBC96A1}.Release|x64.Build.0 = Release|x64
		{2B95FBDE-AEBB-4BEB-82CC-933B6CBC96A1}.Release|x86.ActiveCfg = Release|Win32
		{2B95FBDE-AEBB-4BEB-82CC-933B6CBC96A1}.Release|x86.Build.0 = Release|Win32
		{10BD3E77-1617-4F66-A6CD-8C55BB228474}.Debug|x64.ActiveCfg = Debug|x64
		{10BD3E77-1617-4F66-A6CD-8C55BB228474}.Debug|x64.Build.0 = Debug|x64
		{10BD3E77-1617-4F66-A6CD-8C55BB228474}.Debug|x86.ActiveCfg = Debug|Win32
		{10BD3E77-1617-4F66-A6CD-8C55BB228474}.Debug|x86.Build.0 = Debug|Win32
		{10BD3E77-1617-4F66-A6CD-8C55BB228474}.Release|x64.ActiveCfg = Release|x64
		{10BD3E77-1617-4F66-A6CD-8C55BB228474}.Release|x64.Build.0 = Release|x64
		{10BD3E77-1617-4F66-A6CD-8C55BB228474}.Release|x86.ActiveCfg = Release|Win32
		{10BD3E77-1617-4F66-A6CD-8C55BB228474}.Release|x86.Build.0 = Release|Win32
		{1502396A-D68B-48C2-A9C1-77EE98E7514F}.Debug|x64.ActiveCfg = Debug|x64
		{1502396A-D68B-48C2-A9C1-77EE98E7514F}.Debug|x64.Build.0 = Debug|x64
		{1502396A-D68B-48C2-A9C1-77EE98E7514F}.Debug|x86.ActiveCfg = Debug|Win32
		{1502396A-D68B-48C2-A9C1-77EE98E7514F}.Debug|x86.Build.0 = Debug|Win32
		{1502396A-D68B-48C2-A9C1-77EE98E7514F}.Release|x64.ActiveCfg = Release|x64
		{1502396A-D68B-48C2-A9C1-77EE98E7514F}.Release|x64.Build.0 = Release|x64
		{1502396A-D68B-48C2-A9C1-77EE98E7514F}.Release|x86.ActiveCfg = Release|Win32
		{1502396A-D68B-48C2-A9C1-77EE98E7514F}.Release|x86.Build.0 = Release|Win32
		{71EEACDB-AAAF-4CAC-9279-DCF07FD7D169}.Debug|x64.ActiveCfg = Debug|x64
		{71EEACDB-AAAF-4CAC-9279-DCF07FD7D169}.Debug|x64.Build.0 = Debug|x64
		{71EEACDB-AAAF-4CAC-9279-DCF07FD7D169}.Debug|x86.ActiveCfg = Debug|Win32
		{71EEACDB-AAAF-4CAC-9279-DCF07FD7D169}.Debug|x86.Build.0 = Debug|Win32
		{71EEACDB-AAAF-4CAC-9279-DCF07FD7D169}.Release|x64.ActiveCfg = Release|x64
		{71EEACDB-AAAF-4CAC-9279-DCF07FD7D169}.Release|x64.Build.0 = Release|x64
		{71EEACDB-AAAF-4CAC-9279-DCF07FD7D169}.Release|x86.ActiveCfg = Release|Win32
		{71EEACDB-AAAF-4CAC-9279-DCF07FD7D169}.Release|x86.Build.0 = Release|Win32
		{6B7C3777-5642-4078-8B1E-6CB831A29C03}.Debug|x64.ActiveCfg = Debug|x64
		{6B7C3777-5642-4078-8B1E-6CB831A29C03}.Debug|x64.Build.0 = Debug|x64
		{6B7C3777-5642-4078-8B1E-6CB831A29C03}.Debug|x86.ActiveCfg = Debug|Win32
		{6B7C3777-5642-4078-8B1E-6CB831A29C03}.Debug|x86.Build.0 = Debug|Win32
		{6B7C3777-5642-4078-8B1E-6CB831A29C03}.Release|x64.ActiveCfg = Release|x64
		{6B7C3777-5642-4078-8B1E-6CB831A29C03}.Release|x64.Build.0 = Release|x64
		{6B7C3777-5642-4078-8B1E-6CB831A29C03}.Release|x86.ActiveCfg = Release|Win32
		{6B7C3777-5642-4078-8B1E-6CB831A29C03}.Release|x86.Build.0 = Release|Win32
		{6D613560-EB11-45C2-ACB7-435AF3AF52BF}.Debug|x64.ActiveCfg = Debug|x64
		{6D613560-EB11-45C2-ACB7-435AF3AF52BF}.Debug|x64.Build.0 = Debug|x64
		{6D613560-EB11-45C2-ACB7-435AF3AF52BF}.Debug|x86.ActiveCfg = Debug|Win32
		{6D613560-EB11-45C2-ACB7-435AF3AF52BF}.Debug|x86.Build.0 = Debug|Win32
		{6D613560-EB11-45C2-ACB7-435AF3AF52BF}.Release|x64.ActiveCfg = Release|x64
		{6D613560-EB11-45C2-ACB7-435AF3AF52BF}.Release|x64.Build.0 = Release|x64
		{6D613560-EB11-45C2-ACB7-435AF3AF52BF}.Release|x86.ActiveCfg = Release|Win32
		{6D613560-EB11-45C2-ACB7-435AF3AF52BF}.Release|x86.Build.0 = Release|Win32
		{A26A203D-5B0C-48C2-834D-0462A2C505E1}.Debug|x64.ActiveCfg = Debug|x64
		{A26A203D-5B0C-48C2-834D-0462A2C505E1}.Debug|x64.Build.0 = Debug|x64
		{A26A203D-5B0C-48C2-834D-0462A2C505E1}.Debug|x86.ActiveCfg = Debug|Win32
		{A26A203D-5B0C-48C2-834D-0462A2C505E1}.Debug|x86.Build.0 = Debug|Win32
		{A26A203D-5B0C-48C2-834D-0462A2C505E1}.Release|x64.ActiveCfg = Release|x64
		{A26A203D-5B0C-48C2-834D-0462A2C505E1}.Release|x64.Build.0 = Release|x64
		{A26A203D-5B0C-48C2-834D-0462A2C505E1}.Release|x86.ActiveCfg = Release|Win32
		{A26A203D-5B0C-48C2-834D-0462A2C505E1}.Release|x86.Build.0 = Release|Win32
		{7B1671A4-E8D5-46A3-8417-3DFD4A7F82C0}.Debug|x64.ActiveCfg = Debug|x64
		{7B1671A4-E8D5-46A3-8417-3DFD4A7F82C0}.Debug|x64.Build.0 = Debug|x64
		{7B1671A4-E8D5-46A3-8417-3DFD4A7F82C0}.Debug|x86.ActiveCfg = Debug|Win32
		{7B1671A4-E8D5-46A3-8417-3DFD4A7F82C0}.Debug|x86.Build.0 = Debug|Win32
		{7B1671A4-E8D5-46A3-8417-3DFD4A7F82C0}.Release|x64.ActiveCfg = Release|x64
		{7B1671A4-E8D5-46A3-8417-3DFD4A7F82C0}.Release|x64.Build.0 = Release|x64
		{7B1671A4-E8D5-46A3-8417-3DFD4A7F82C0}.Release|x86.ActiveCfg = Release|Win32
		{7B1671A4-E8D5-46A3-8417-3DFD4A7F82C0}.Release|x86.Build.0 = Release|Win32
		{9105FBE9-8CD0-4DF4-B595-569984F5D093}.Debug|x64.ActiveCfg = Debug|x64
		{9105FBE9-8CD0-4DF4-B595-569984F5D093}.Debug|x64.Build.0 = Debug|x64
		{9105FBE9-8CD0-4DF4-B595-569984F5D093}.Debug|x86.ActiveCfg = Debug|Win32
		{9105FBE9-8CD0-4DF4-B595-569984F5D093}.Debug|x86.Build.0 = Debug|Win32
		{9105FBE9-8CD0-4DF4-B595-569984F5D093}.Release|x64.ActiveCfg = Release|x64
		{9105FBE9-8CD0-4DF4-B595-569984F5D093}.Release|x64.Build.0 = Release|x64
		{9105FBE9-8CD0-4DF4-B595-569984F5D093}.Release|x86.ActiveCfg = Release|Win32
		{9105FBE9-8CD0-4DF4-B595-569984F5D093}.Release|x86.Build.0 = Release|Win32
	EndGlobalSection
	GlobalSection(SolutionProperties) = preSolution
		HideSolutionNode = FALSE
	EndGlobalSection
	GlobalSection(ExtensibilityGlobals) = postSolution
		SolutionGuid = {00468C85-D705-4EDB-9DDC-E713CD069859}
	EndGlobalSection
EndGlobal
