
Microsoft Visual Studio Solution File, Format Version 12.00
# Visual Studio Version 17
VisualStudioVersion = 17.3.32922.545
MinimumVisualStudioVersion = 10.0.40219.1
Project("{FAE04EC0-301F-11D3-BF4B-00C04F79EFBC}") = "ITMO.Studing.ASP.NET.Lab1.RSVP", "ITMO.Studing.ASP.NET.Lab1.RSVP\ITMO.Studing.ASP.NET.Lab1.RSVP.csproj", "{F6E65689-4013-489F-AB5E-B1CD9CFF20F3}"
EndProject
Project("{FAE04EC0-301F-11D3-BF4B-00C04F79EFBC}") = "ITMO.Studing.ASP.NET.Lab2.RSPVEvents", "ITMO.Studing.ASP.NET.Lab2.RSPVEvents\ITMO.Studing.ASP.NET.Lab2.RSPVEvents.csproj", "{F6DF095C-A122-474D-8568-677317988E67}"
EndProject
Project("{FAE04EC0-301F-11D3-BF4B-00C04F79EFBC}") = "ITMO.Studing.ASP.NET.Lab4.RSVP", "ITMO.Studing.ASP.NET.Lab4.RSVP\ITMO.Studing.ASP.NET.Lab4.RSVP.csproj", "{CD97D7D7-0B21-4243-AC85-C26F71C67DC9}"
EndProject
Project("{FAE04EC0-301F-11D3-BF4B-00C04F79EFBC}") = "ITMO.Studing.ASP.NET.Lab7.VisitorsCounter", "ITMO.Studing.ASP.NET.Lab7.VisitorsCounter\ITMO.Studing.ASP.NET.Lab7.VisitorsCounter.csproj", "{79B7F5BF-16E9-4293-AE8F-3DFD6CF9A571}"
EndProject
Project("{FAE04EC0-301F-11D3-BF4B-00C04F79EFBC}") = "ITMO.Studing.ASP.NET.MVC.Lab1.WebMVCR1", "ITMO.Studing.ASP.NET.MVC.Lab1.WebMVCR1\ITMO.Studing.ASP.NET.MVC.Lab1.WebMVCR1.csproj", "{C782E299-5307-4F80-9572-3BDF5462524B}"
EndProject
Project("{FAE04EC0-301F-11D3-BF4B-00C04F79EFBC}") = "ITMO.Studing.ASP.NET.MVC.Lab2.WebMVCR1", "ITMO.Studing.ASP.NET.MVC.Lab2.WebMVCR1\ITMO.Studing.ASP.NET.MVC.Lab2.WebMVCR1.csproj", "{92294262-98CB-4380-AD35-507C0E5D9E93}"
EndProject
Project("{FAE04EC0-301F-11D3-BF4B-00C04F79EFBC}") = "ITMO.Studing.ASP.NET.MVC.Lab3.WebMVCR1", "ITMO.Studing.ASP.NET.MVC.Lab3.WebMVCR1\ITMO.Studing.ASP.NET.MVC.Lab3.WebMVCR1.csproj", "{881EE55C-9F42-4E2C-B5ED-935B6C9FD6D4}"
EndProject
Project("{FAE04EC0-301F-11D3-BF4B-00C04F79EFBC}") = "ITMO.Studing.ASP.NET.MVC.Lab4.WebMVCR1", "ITMO.Studing.ASP.NET.MVC.Lab4.WebMVCR1\ITMO.Studing.ASP.NET.MVC.Lab4.WebMVCR1.csproj", "{141AD48C-C127-4C91-9337-4BCFE949FC08}"
EndProject
Project("{FAE04EC0-301F-11D3-BF4B-00C04F79EFBC}") = "ITMO.Studing.ASP.NET.FinalTask", "ITMO.Studing.ASP.NET.FinalTask\ITMO.Studing.ASP.NET.FinalTask.csproj", "{CD250571-FEA2-4EE7-AEAB-5B51A8C5BC78}"
EndProject
Global
	GlobalSection(SolutionConfigurationPlatforms) = preSolution
		Debug|Any CPU = Debug|Any CPU
		Release|Any CPU = Release|Any CPU
	EndGlobalSection
	GlobalSection(ProjectConfigurationPlatforms) = postSolution
		{F6E65689-4013-489F-AB5E-B1CD9CFF20F3}.Debug|Any CPU.ActiveCfg = Debug|Any CPU
		{F6E65689-4013-489F-AB5E-B1CD9CFF20F3}.Debug|Any CPU.Build.0 = Debug|Any CPU
		{F6E65689-4013-489F-AB5E-B1CD9CFF20F3}.Release|Any CPU.ActiveCfg = Release|Any CPU
		{F6E65689-4013-489F-AB5E-B1CD9CFF20F3}.Release|Any CPU.Build.0 = Release|Any CPU
		{F6DF095C-A122-474D-8568-677317988E67}.Debug|Any CPU.ActiveCfg = Debug|Any CPU
		{F6DF095C-A122-474D-8568-677317988E67}.Debug|Any CPU.Build.0 = Debug|Any CPU
		{F6DF095C-A122-474D-8568-677317988E67}.Release|Any CPU.ActiveCfg = Release|Any CPU
		{F6DF095C-A122-474D-8568-677317988E67}.Release|Any CPU.Build.0 = Release|Any CPU
		{CD97D7D7-0B21-4243-AC85-C26F71C67DC9}.Debug|Any CPU.ActiveCfg = Debug|Any CPU
		{CD97D7D7-0B21-4243-AC85-C26F71C67DC9}.Debug|Any CPU.Build.0 = Debug|Any CPU
		{CD97D7D7-0B21-4243-AC85-C26F71C67DC9}.Release|Any CPU.ActiveCfg = Release|Any CPU
		{CD97D7D7-0B21-4243-AC85-C26F71C67DC9}.Release|Any CPU.Build.0 = Release|Any CPU
		{79B7F5BF-16E9-4293-AE8F-3DFD6CF9A571}.Debug|Any CPU.ActiveCfg = Debug|Any CPU
		{79B7F5BF-16E9-4293-AE8F-3DFD6CF9A571}.Debug|Any CPU.Build.0 = Debug|Any CPU
		{79B7F5BF-16E9-4293-AE8F-3DFD6CF9A571}.Release|Any CPU.ActiveCfg = Release|Any CPU
		{79B7F5BF-16E9-4293-AE8F-3DFD6CF9A571}.Release|Any CPU.Build.0 = Release|Any CPU
		{C782E299-5307-4F80-9572-3BDF5462524B}.Debug|Any CPU.ActiveCfg = Debug|Any CPU
		{C782E299-5307-4F80-9572-3BDF5462524B}.Debug|Any CPU.Build.0 = Debug|Any CPU
		{C782E299-5307-4F80-9572-3BDF5462524B}.Release|Any CPU.ActiveCfg = Release|Any CPU
		{C782E299-5307-4F80-9572-3BDF5462524B}.Release|Any CPU.Build.0 = Release|Any CPU
		{92294262-98CB-4380-AD35-507C0E5D9E93}.Debug|Any CPU.ActiveCfg = Debug|Any CPU
		{92294262-98CB-4380-AD35-507C0E5D9E93}.Debug|Any CPU.Build.0 = Debug|Any CPU
		{92294262-98CB-4380-AD35-507C0E5D9E93}.Release|Any CPU.ActiveCfg = Release|Any CPU
		{92294262-98CB-4380-AD35-507C0E5D9E93}.Release|Any CPU.Build.0 = Release|Any CPU
		{881EE55C-9F42-4E2C-B5ED-935B6C9FD6D4}.Debug|Any CPU.ActiveCfg = Debug|Any CPU
		{881EE55C-9F42-4E2C-B5ED-935B6C9FD6D4}.Debug|Any CPU.Build.0 = Debug|Any CPU
		{881EE55C-9F42-4E2C-B5ED-935B6C9FD6D4}.Release|Any CPU.ActiveCfg = Release|Any CPU
		{881EE55C-9F42-4E2C-B5ED-935B6C9FD6D4}.Release|Any CPU.Build.0 = Release|Any CPU
		{141AD48C-C127-4C91-9337-4BCFE949FC08}.Debug|Any CPU.ActiveCfg = Debug|Any CPU
		{141AD48C-C127-4C91-9337-4BCFE949FC08}.Debug|Any CPU.Build.0 = Debug|Any CPU
		{141AD48C-C127-4C91-9337-4BCFE949FC08}.Release|Any CPU.ActiveCfg = Release|Any CPU
		{141AD48C-C127-4C91-9337-4BCFE949FC08}.Release|Any CPU.Build.0 = Release|Any CPU
		{CD250571-FEA2-4EE7-AEAB-5B51A8C5BC78}.Debug|Any CPU.ActiveCfg = Debug|Any CPU
		{CD250571-FEA2-4EE7-AEAB-5B51A8C5BC78}.Debug|Any CPU.Build.0 = Debug|Any CPU
		{CD250571-FEA2-4EE7-AEAB-5B51A8C5BC78}.Release|Any CPU.ActiveCfg = Release|Any CPU
		{CD250571-FEA2-4EE7-AEAB-5B51A8C5BC78}.Release|Any CPU.Build.0 = Release|Any CPU
	EndGlobalSection
	GlobalSection(SolutionProperties) = preSolution
		HideSolutionNode = FALSE
	EndGlobalSection
	GlobalSection(ExtensibilityGlobals) = postSolution
		SolutionGuid = {83467B49-EB7F-491E-917E-DB87074710CA}
	EndGlobalSection
EndGlobal
