
Microsoft Visual Studio Solution File, Format Version 12.00
# Visual Studio Version 16
VisualStudioVersion = 16.0.32428.217
MinimumVisualStudioVersion = 10.0.40219.1
Project("{FAE04EC0-301F-11D3-BF4B-00C04F79EFBC}") = "ITMO.Studing.CScourse.Lab2.Ex1.BankAccount", "ITMO.Studing.CScourse.Lab2.Ex1.BankAccount\ITMO.Studing.CScourse.Lab2.Ex1.BankAccount.csproj", "{6993FD9C-28A6-4157-B76E-494FCD521D3D}"
EndProject
Project("{FAE04EC0-301F-11D3-BF4B-00C04F79EFBC}") = "ITMO.Studing.CScourse.Lab2.Ex2.StructType", "ITMO.Studing.CScourse.Lab2.Ex2.StructType\ITMO.Studing.CScourse.Lab2.Ex2.StructType.csproj", "{FF3672B5-41BD-4FFF-B36C-F250AE430B32}"
EndProject
Project("{FAE04EC0-301F-11D3-BF4B-00C04F79EFBC}") = "ITMO.Studing.CScourse.Lab2.Ex3.StructType", "ITMO.Studing.CScourse.Lab2.Ex3.StructType\ITMO.Studing.CScourse.Lab2.Ex3.StructType.csproj", "{DA2CD77A-05A2-4C24-8BB2-DCF9E7CCA272}"
EndProject
Project("{FAE04EC0-301F-11D3-BF4B-00C04F79EFBC}") = "ITMO.Studing.CScourse.Lab1.Ex1_2_3.CreatingSimpleProgramm", "ITMO.Studing.CScourse.Lab1.Ex1_2_3.CreatingSimpleProgramm\ITMO.Studing.CScourse.Lab1.Ex1_2_3.CreatingSimpleProgramm.csproj", "{F1BA7BA6-096E-48C3-9F18-F350FD153BD6}"
EndProject
Project("{FAE04EC0-301F-11D3-BF4B-00C04F79EFBC}") = "ITMO.Studing.CScourse.Lab1.Ex4.Divider", "ITMO.Studing.CScourse.Lab1.Ex4.Divider\ITMO.Studing.CScourse.Lab1.Ex4.Divider.csproj", "{1E9DC868-A115-4720-A277-40FE256C7E8A}"
EndProject
Project("{FAE04EC0-301F-11D3-BF4B-00C04F79EFBC}") = "ITMO.Studing.CScourse.Lab3.Ex1.WhatDay1", "ITMO.Studing.CScourse.Lab3.Ex1.WhatDay1\ITMO.Studing.CScourse.Lab3.Ex1.WhatDay1.csproj", "{D6AFB69B-12A4-4B45-8589-134AC0BF881C}"
EndProject
Project("{FAE04EC0-301F-11D3-BF4B-00C04F79EFBC}") = "ITMO.Studing.CScourse.Lab3.Ex2.WhatDay2", "ITMO.Studing.CScourse.Lab3.Ex2.WhatDay2\ITMO.Studing.CScourse.Lab3.Ex2.WhatDay2.csproj", "{EAEA70BB-0661-494E-81E5-53A59086CFE7}"
EndProject
Project("{FAE04EC0-301F-11D3-BF4B-00C04F79EFBC}") = "ITMO.Studing.CScourse.Lab3.Ex3.WhatDay3", "ITMO.Studing.CScourse.Lab3.Ex3.WhatDay3\ITMO.Studing.CScourse.Lab3.Ex3.WhatDay3.csproj", "{90F7C8A4-810F-4DD2-8056-87E753E02D41}"
EndProject
Project("{FAE04EC0-301F-11D3-BF4B-00C04F79EFBC}") = "ITMO.Studing.CScourse.Lab4.Ex1_2.Utils", "ITMO.Studing.CScourse.Lab4.Ex1_2.Utils\ITMO.Studing.CScourse.Lab4.Ex1_2.Utils.csproj", "{776038EB-D8FF-4451-AC46-D1D99DD9DA56}"
EndProject
Project("{FAE04EC0-301F-11D3-BF4B-00C04F79EFBC}") = "ITMO.Studing.CScourse.Lab5.Ex1.FileDetails", "ITMO.Studing.CScourse.Lab5.Ex1.FileDetails\ITMO.Studing.CScourse.Lab5.Ex1.FileDetails.csproj", "{D960E64E-79C5-4F7E-B6C4-FC876ED3E393}"
EndProject
Project("{FAE04EC0-301F-11D3-BF4B-00C04F79EFBC}") = "ITMO.Studing.CScourse.Lab6.Ex1.CreateAccount", "ITMO.Studing.CScourse.Lab6.Ex1.CreateAccount\ITMO.Studing.CScourse.Lab6.Ex1.CreateAccount.csproj", "{42DF1E28-9AE4-48CE-9CEB-5758219FAC33}"
EndProject
Project("{FAE04EC0-301F-11D3-BF4B-00C04F79EFBC}") = "ITMO.Studing.CScourse.Lab6.Ex2.UniqueNumbers", "ITMO.Studing.CScourse.Lab6.Ex2.UniqueNumbers\ITMO.Studing.CScourse.Lab6.Ex2.UniqueNumbers.csproj", "{B24489BE-3C93-4D02-AAC6-A6D24AACDC35}"
EndProject
Project("{FAE04EC0-301F-11D3-BF4B-00C04F79EFBC}") = "ITMO.Studing.CScourse.Lab7.Ex1.Bank", "ITMO.Studing.CScourse.Lab7.Ex1.Bank\ITMO.Studing.CScourse.Lab7.Ex1.Bank.csproj", "{185115F3-F261-4BBA-9171-9175E0A16CC3}"
EndProject
Project("{FAE04EC0-301F-11D3-BF4B-00C04F79EFBC}") = "ITMO.Studing.CScourse.Lab7.Ex2.Utils", "ITMO.Studing.CScourse.Lab7.Ex2.Utils\ITMO.Studing.CScourse.Lab7.Ex2.Utils.csproj", "{2AE9754C-8FB8-4628-BB8D-D29FDFA103B2}"
EndProject
Project("{FAE04EC0-301F-11D3-BF4B-00C04F79EFBC}") = "ITMO.Studing.CScourse.Lab8.Ex1.Constructors", "ITMO.Studing.CScourse.Lab8.Ex1.Constructors\ITMO.Studing.CScourse.Lab8.Ex1.Constructors.csproj", "{6DF1B6D4-AEC0-4B38-A4E9-70497476B6EA}"
EndProject
Project("{FAE04EC0-301F-11D3-BF4B-00C04F79EFBC}") = "ITMO.Studing.CScourse.Lab8.Ex2.Constructors", "ITMO.Studing.CScourse.Lab8.Ex2.BankTransaction\ITMO.Studing.CScourse.Lab8.Ex2.Constructors.csproj", "{E387B67C-4F77-4E2B-BFF9-C94092FE06DC}"
EndProject
Project("{FAE04EC0-301F-11D3-BF4B-00C04F79EFBC}") = "ITMO.Studing.CScourse.Lab9.ColorTokeniser", "ITMO.Studing.CScourse.Lab9.ColorTokeniser\ITMO.Studing.CScourse.Lab9.ColorTokeniser.csproj", "{DBFBEB36-A8A0-418B-8B02-E7FA266967A4}"
EndProject
Project("{FAE04EC0-301F-11D3-BF4B-00C04F79EFBC}") = "ITMO.Studing.CScourse.Lab10.Ex1.Bank", "ITMO.Studing.CScourse.Lab10.Ex1.Bank\ITMO.Studing.CScourse.Lab10.Ex1.Bank.csproj", "{78517923-9E13-4F2D-BBC5-06CFE7A037AD}"
EndProject
Project("{FAE04EC0-301F-11D3-BF4B-00C04F79EFBC}") = "ITMO.Studing.CScourse.Lab10.Ex2.Bank", "ITMO.Studing.CScourse.Lab10.Ex2.Bank\ITMO.Studing.CScourse.Lab10.Ex2.Bank.csproj", "{99C3E7DC-E4B1-40E7-A141-C2CA89AC8052}"
EndProject
Project("{FAE04EC0-301F-11D3-BF4B-00C04F79EFBC}") = "ITMO.Studing.CScourse.Lab9.Ex2.ColorSyntaxApp", "ITMO.Studing.CScourse.Lab9.Ex2.ColorSyntaxApp\ITMO.Studing.CScourse.Lab9.Ex2.ColorSyntaxApp.csproj", "{B478988C-ED04-4DBD-8A69-9C2398960F8A}"
EndProject
Global
	GlobalSection(SolutionConfigurationPlatforms) = preSolution
		Debug|Any CPU = Debug|Any CPU
		Release|Any CPU = Release|Any CPU
	EndGlobalSection
	GlobalSection(ProjectConfigurationPlatforms) = postSolution
		{6993FD9C-28A6-4157-B76E-494FCD521D3D}.Debug|Any CPU.ActiveCfg = Debug|Any CPU
		{6993FD9C-28A6-4157-B76E-494FCD521D3D}.Debug|Any CPU.Build.0 = Debug|Any CPU
		{6993FD9C-28A6-4157-B76E-494FCD521D3D}.Release|Any CPU.ActiveCfg = Release|Any CPU
		{6993FD9C-28A6-4157-B76E-494FCD521D3D}.Release|Any CPU.Build.0 = Release|Any CPU
		{FF3672B5-41BD-4FFF-B36C-F250AE430B32}.Debug|Any CPU.ActiveCfg = Debug|Any CPU
		{FF3672B5-41BD-4FFF-B36C-F250AE430B32}.Debug|Any CPU.Build.0 = Debug|Any CPU
		{FF3672B5-41BD-4FFF-B36C-F250AE430B32}.Release|Any CPU.ActiveCfg = Release|Any CPU
		{FF3672B5-41BD-4FFF-B36C-F250AE430B32}.Release|Any CPU.Build.0 = Release|Any CPU
		{DA2CD77A-05A2-4C24-8BB2-DCF9E7CCA272}.Debug|Any CPU.ActiveCfg = Debug|Any CPU
		{DA2CD77A-05A2-4C24-8BB2-DCF9E7CCA272}.Debug|Any CPU.Build.0 = Debug|Any CPU
		{DA2CD77A-05A2-4C24-8BB2-DCF9E7CCA272}.Release|Any CPU.ActiveCfg = Release|Any CPU
		{DA2CD77A-05A2-4C24-8BB2-DCF9E7CCA272}.Release|Any CPU.Build.0 = Release|Any CPU
		{F1BA7BA6-096E-48C3-9F18-F350FD153BD6}.Debug|Any CPU.ActiveCfg = Debug|Any CPU
		{F1BA7BA6-096E-48C3-9F18-F350FD153BD6}.Debug|Any CPU.Build.0 = Debug|Any CPU
		{F1BA7BA6-096E-48C3-9F18-F350FD153BD6}.Release|Any CPU.ActiveCfg = Release|Any CPU
		{F1BA7BA6-096E-48C3-9F18-F350FD153BD6}.Release|Any CPU.Build.0 = Release|Any CPU
		{1E9DC868-A115-4720-A277-40FE256C7E8A}.Debug|Any CPU.ActiveCfg = Debug|Any CPU
		{1E9DC868-A115-4720-A277-40FE256C7E8A}.Debug|Any CPU.Build.0 = Debug|Any CPU
		{1E9DC868-A115-4720-A277-40FE256C7E8A}.Release|Any CPU.ActiveCfg = Release|Any CPU
		{1E9DC868-A115-4720-A277-40FE256C7E8A}.Release|Any CPU.Build.0 = Release|Any CPU
		{D6AFB69B-12A4-4B45-8589-134AC0BF881C}.Debug|Any CPU.ActiveCfg = Debug|Any CPU
		{D6AFB69B-12A4-4B45-8589-134AC0BF881C}.Debug|Any CPU.Build.0 = Debug|Any CPU
		{D6AFB69B-12A4-4B45-8589-134AC0BF881C}.Release|Any CPU.ActiveCfg = Release|Any CPU
		{D6AFB69B-12A4-4B45-8589-134AC0BF881C}.Release|Any CPU.Build.0 = Release|Any CPU
		{EAEA70BB-0661-494E-81E5-53A59086CFE7}.Debug|Any CPU.ActiveCfg = Debug|Any CPU
		{EAEA70BB-0661-494E-81E5-53A59086CFE7}.Debug|Any CPU.Build.0 = Debug|Any CPU
		{EAEA70BB-0661-494E-81E5-53A59086CFE7}.Release|Any CPU.ActiveCfg = Release|Any CPU
		{EAEA70BB-0661-494E-81E5-53A59086CFE7}.Release|Any CPU.Build.0 = Release|Any CPU
		{90F7C8A4-810F-4DD2-8056-87E753E02D41}.Debug|Any CPU.ActiveCfg = Debug|Any CPU
		{90F7C8A4-810F-4DD2-8056-87E753E02D41}.Debug|Any CPU.Build.0 = Debug|Any CPU
		{90F7C8A4-810F-4DD2-8056-87E753E02D41}.Release|Any CPU.ActiveCfg = Release|Any CPU
		{90F7C8A4-810F-4DD2-8056-87E753E02D41}.Release|Any CPU.Build.0 = Release|Any CPU
		{776038EB-D8FF-4451-AC46-D1D99DD9DA56}.Debug|Any CPU.ActiveCfg = Debug|Any CPU
		{776038EB-D8FF-4451-AC46-D1D99DD9DA56}.Debug|Any CPU.Build.0 = Debug|Any CPU
		{776038EB-D8FF-4451-AC46-D1D99DD9DA56}.Release|Any CPU.ActiveCfg = Release|Any CPU
		{776038EB-D8FF-4451-AC46-D1D99DD9DA56}.Release|Any CPU.Build.0 = Release|Any CPU
		{D960E64E-79C5-4F7E-B6C4-FC876ED3E393}.Debug|Any CPU.ActiveCfg = Debug|Any CPU
		{D960E64E-79C5-4F7E-B6C4-FC876ED3E393}.Debug|Any CPU.Build.0 = Debug|Any CPU
		{D960E64E-79C5-4F7E-B6C4-FC876ED3E393}.Release|Any CPU.ActiveCfg = Release|Any CPU
		{D960E64E-79C5-4F7E-B6C4-FC876ED3E393}.Release|Any CPU.Build.0 = Release|Any CPU
		{42DF1E28-9AE4-48CE-9CEB-5758219FAC33}.Debug|Any CPU.ActiveCfg = Debug|Any CPU
		{42DF1E28-9AE4-48CE-9CEB-5758219FAC33}.Debug|Any CPU.Build.0 = Debug|Any CPU
		{42DF1E28-9AE4-48CE-9CEB-5758219FAC33}.Release|Any CPU.ActiveCfg = Release|Any CPU
		{42DF1E28-9AE4-48CE-9CEB-5758219FAC33}.Release|Any CPU.Build.0 = Release|Any CPU
		{B24489BE-3C93-4D02-AAC6-A6D24AACDC35}.Debug|Any CPU.ActiveCfg = Debug|Any CPU
		{B24489BE-3C93-4D02-AAC6-A6D24AACDC35}.Debug|Any CPU.Build.0 = Debug|Any CPU
		{B24489BE-3C93-4D02-AAC6-A6D24AACDC35}.Release|Any CPU.ActiveCfg = Release|Any CPU
		{B24489BE-3C93-4D02-AAC6-A6D24AACDC35}.Release|Any CPU.Build.0 = Release|Any CPU
		{185115F3-F261-4BBA-9171-9175E0A16CC3}.Debug|Any CPU.ActiveCfg = Debug|Any CPU
		{185115F3-F261-4BBA-9171-9175E0A16CC3}.Debug|Any CPU.Build.0 = Debug|Any CPU
		{185115F3-F261-4BBA-9171-9175E0A16CC3}.Release|Any CPU.ActiveCfg = Release|Any CPU
		{185115F3-F261-4BBA-9171-9175E0A16CC3}.Release|Any CPU.Build.0 = Release|Any CPU
		{2AE9754C-8FB8-4628-BB8D-D29FDFA103B2}.Debug|Any CPU.ActiveCfg = Debug|Any CPU
		{2AE9754C-8FB8-4628-BB8D-D29FDFA103B2}.Debug|Any CPU.Build.0 = Debug|Any CPU
		{2AE9754C-8FB8-4628-BB8D-D29FDFA103B2}.Release|Any CPU.ActiveCfg = Release|Any CPU
		{2AE9754C-8FB8-4628-BB8D-D29FDFA103B2}.Release|Any CPU.Build.0 = Release|Any CPU
		{6DF1B6D4-AEC0-4B38-A4E9-70497476B6EA}.Debug|Any CPU.ActiveCfg = Debug|Any CPU
		{6DF1B6D4-AEC0-4B38-A4E9-70497476B6EA}.Debug|Any CPU.Build.0 = Debug|Any CPU
		{6DF1B6D4-AEC0-4B38-A4E9-70497476B6EA}.Release|Any CPU.ActiveCfg = Release|Any CPU
		{6DF1B6D4-AEC0-4B38-A4E9-70497476B6EA}.Release|Any CPU.Build.0 = Release|Any CPU
		{E387B67C-4F77-4E2B-BFF9-C94092FE06DC}.Debug|Any CPU.ActiveCfg = Debug|Any CPU
		{E387B67C-4F77-4E2B-BFF9-C94092FE06DC}.Debug|Any CPU.Build.0 = Debug|Any CPU
		{E387B67C-4F77-4E2B-BFF9-C94092FE06DC}.Release|Any CPU.ActiveCfg = Release|Any CPU
		{E387B67C-4F77-4E2B-BFF9-C94092FE06DC}.Release|Any CPU.Build.0 = Release|Any CPU
		{DBFBEB36-A8A0-418B-8B02-E7FA266967A4}.Debug|Any CPU.ActiveCfg = Debug|Any CPU
		{DBFBEB36-A8A0-418B-8B02-E7FA266967A4}.Debug|Any CPU.Build.0 = Debug|Any CPU
		{DBFBEB36-A8A0-418B-8B02-E7FA266967A4}.Release|Any CPU.ActiveCfg = Release|Any CPU
		{DBFBEB36-A8A0-418B-8B02-E7FA266967A4}.Release|Any CPU.Build.0 = Release|Any CPU
		{78517923-9E13-4F2D-BBC5-06CFE7A037AD}.Debug|Any CPU.ActiveCfg = Debug|Any CPU
		{78517923-9E13-4F2D-BBC5-06CFE7A037AD}.Debug|Any CPU.Build.0 = Debug|Any CPU
		{78517923-9E13-4F2D-BBC5-06CFE7A037AD}.Release|Any CPU.ActiveCfg = Release|Any CPU
		{78517923-9E13-4F2D-BBC5-06CFE7A037AD}.Release|Any CPU.Build.0 = Release|Any CPU
		{99C3E7DC-E4B1-40E7-A141-C2CA89AC8052}.Debug|Any CPU.ActiveCfg = Debug|Any CPU
		{99C3E7DC-E4B1-40E7-A141-C2CA89AC8052}.Debug|Any CPU.Build.0 = Debug|Any CPU
		{99C3E7DC-E4B1-40E7-A141-C2CA89AC8052}.Release|Any CPU.ActiveCfg = Release|Any CPU
		{99C3E7DC-E4B1-40E7-A141-C2CA89AC8052}.Release|Any CPU.Build.0 = Release|Any CPU
		{B478988C-ED04-4DBD-8A69-9C2398960F8A}.Debug|Any CPU.ActiveCfg = Debug|Any CPU
		{B478988C-ED04-4DBD-8A69-9C2398960F8A}.Debug|Any CPU.Build.0 = Debug|Any CPU
		{B478988C-ED04-4DBD-8A69-9C2398960F8A}.Release|Any CPU.ActiveCfg = Release|Any CPU
		{B478988C-ED04-4DBD-8A69-9C2398960F8A}.Release|Any CPU.Build.0 = Release|Any CPU
	EndGlobalSection
	GlobalSection(SolutionProperties) = preSolution
		HideSolutionNode = FALSE
	EndGlobalSection
	GlobalSection(ExtensibilityGlobals) = postSolution
		SolutionGuid = {D6B84BB8-060E-48E0-A37F-B3AA8171C525}
	EndGlobalSection
EndGlobal
